
Microsoft Visual Studio Solution File, Format Version 12.00
# Visual Studio Version 16
VisualStudioVersion = 16.0.31729.503
MinimumVisualStudioVersion = 10.0.40219.1
Project("{FAE04EC0-301F-11D3-BF4B-00C04F79EFBC}") = "RockPaperScissor", "RockPaperScissor\RockPaperScissor.csproj", "{C8CF04DC-8644-430C-B2CE-FAD7EC2F1139}"
EndProject
Global
	GlobalSection(SolutionConfigurationPlatforms) = preSolution
		Debug|Any CPU = Debug|Any CPU
		Release|Any CPU = Release|Any CPU
	EndGlobalSection
	GlobalSection(ProjectConfigurationPlatforms) = postSolution
		{C8CF04DC-8644-430C-B2CE-FAD7EC2F1139}.Debug|Any CPU.ActiveCfg = Debug|Any CPU
		{C8CF04DC-8644-430C-B2CE-FAD7EC2F1139}.Debug|Any CPU.Build.0 = Debug|Any CPU
		{C8CF04DC-8644-430C-B2CE-FAD7EC2F1139}.Release|Any CPU.ActiveCfg = Release|Any CPU
		{C8CF04DC-8644-430C-B2CE-FAD7EC2F1139}.Release|Any CPU.Build.0 = Release|Any CPU
	EndGlobalSection
	GlobalSection(SolutionProperties) = preSolution
		HideSolutionNode = FALSE
	EndGlobalSection
	GlobalSection(ExtensibilityGlobals) = postSolution
		SolutionGuid = {D1C4CC23-CEC1-40A7-89FA-EFA73406F2B5}
	EndGlobalSection
EndGlobal
